
Microsoft Visual Studio Solution File, Format Version 12.00
# Visual Studio Version 17
VisualStudioVersion = 17.2.32616.157
MinimumVisualStudioVersion = 10.0.40219.1
Project("{FAE04EC0-301F-11D3-BF4B-00C04F79EFBC}") = "VariablesEjercicio_1", "VariablesEjercicio_1\VariablesEjercicio_1.csproj", "{F3480C56-1D1F-4EB3-9E9C-E6E49DE125AE}"
EndProject
Global
	GlobalSection(SolutionConfigurationPlatforms) = preSolution
		Debug|Any CPU = Debug|Any CPU
		Release|Any CPU = Release|Any CPU
	EndGlobalSection
	GlobalSection(ProjectConfigurationPlatforms) = postSolution
		{F3480C56-1D1F-4EB3-9E9C-E6E49DE125AE}.Debug|Any CPU.ActiveCfg = Debug|Any CPU
		{F3480C56-1D1F-4EB3-9E9C-E6E49DE125AE}.Debug|Any CPU.Build.0 = Debug|Any CPU
		{F3480C56-1D1F-4EB3-9E9C-E6E49DE125AE}.Release|Any CPU.ActiveCfg = Release|Any CPU
		{F3480C56-1D1F-4EB3-9E9C-E6E49DE125AE}.Release|Any CPU.Build.0 = Release|Any CPU
	EndGlobalSection
	GlobalSection(SolutionProperties) = preSolution
		HideSolutionNode = FALSE
	EndGlobalSection
	GlobalSection(ExtensibilityGlobals) = postSolution
		SolutionGuid = {3C099475-8043-4CBF-A369-9772B1A7F9D2}
	EndGlobalSection
EndGlobal
